
Microsoft Visual Studio Solution File, Format Version 12.00
# Visual Studio Version 17
VisualStudioVersion = 17.1.32414.318
MinimumVisualStudioVersion = 10.0.40219.1
Project("{FAE04EC0-301F-11D3-BF4B-00C04F79EFBC}") = "SampleActivities", "SampleActivities\SampleActivities.csproj", "{CF089ADF-8E06-4168-A812-A1AD23D9B983}"
EndProject
Global
	GlobalSection(SolutionConfigurationPlatforms) = preSolution
		Debug|Any CPU = Debug|Any CPU
		Release|Any CPU = Release|Any CPU
	EndGlobalSection
	GlobalSection(ProjectConfigurationPlatforms) = postSolution
		{CF089ADF-8E06-4168-A812-A1AD23D9B983}.Debug|Any CPU.ActiveCfg = Debug|Any CPU
		{CF089ADF-8E06-4168-A812-A1AD23D9B983}.Debug|Any CPU.Build.0 = Debug|Any CPU
		{CF089ADF-8E06-4168-A812-A1AD23D9B983}.Release|Any CPU.ActiveCfg = Release|Any CPU
		{CF089ADF-8E06-4168-A812-A1AD23D9B983}.Release|Any CPU.Build.0 = Release|Any CPU
	EndGlobalSection
	GlobalSection(SolutionProperties) = preSolution
		HideSolutionNode = FALSE
	EndGlobalSection
	GlobalSection(ExtensibilityGlobals) = postSolution
		SolutionGuid = {C6F0CD1A-DBA9-4755-AB6E-C02DAAEC4C1B}
	EndGlobalSection
EndGlobal
